
Microsoft Visual Studio Solution File, Format Version 12.00
# Visual Studio Version 16
VisualStudioVersion = 16.0.30413.136
MinimumVisualStudioVersion = 10.0.40219.1
Project("{FAE04EC0-301F-11D3-BF4B-00C04F79EFBC}") = "oAuthTokenValidation", "oAuthTokenValidation\oAuthTokenValidation.csproj", "{8F76E777-0DB2-4DC5-9C78-878DCD024020}"
EndProject
Global
	GlobalSection(SolutionConfigurationPlatforms) = preSolution
		Debug|Any CPU = Debug|Any CPU
		Release|Any CPU = Release|Any CPU
	EndGlobalSection
	GlobalSection(ProjectConfigurationPlatforms) = postSolution
		{8F76E777-0DB2-4DC5-9C78-878DCD024020}.Debug|Any CPU.ActiveCfg = Debug|Any CPU
		{8F76E777-0DB2-4DC5-9C78-878DCD024020}.Debug|Any CPU.Build.0 = Debug|Any CPU
		{8F76E777-0DB2-4DC5-9C78-878DCD024020}.Release|Any CPU.ActiveCfg = Release|Any CPU
		{8F76E777-0DB2-4DC5-9C78-878DCD024020}.Release|Any CPU.Build.0 = Release|Any CPU
	EndGlobalSection
	GlobalSection(SolutionProperties) = preSolution
		HideSolutionNode = FALSE
	EndGlobalSection
	GlobalSection(ExtensibilityGlobals) = postSolution
		SolutionGuid = {766607FC-C6DD-4AA1-8FDB-008DDDBAF4CE}
	EndGlobalSection
EndGlobal
